
Microsoft Visual Studio Solution File, Format Version 12.00
# Visual Studio Version 17
VisualStudioVersion = 17.4.33122.133
MinimumVisualStudioVersion = 10.0.40219.1
Project("{FAE04EC0-301F-11D3-BF4B-00C04F79EFBC}") = "Rubic's Cube", "Rubic's Cube\Rubic's Cube.csproj", "{864B292C-9251-4378-AF70-03851A2ECAF9}"
EndProject
Global
	GlobalSection(SolutionConfigurationPlatforms) = preSolution
		Debug|Any CPU = Debug|Any CPU
		Release|Any CPU = Release|Any CPU
	EndGlobalSection
	GlobalSection(ProjectConfigurationPlatforms) = postSolution
		{864B292C-9251-4378-AF70-03851A2ECAF9}.Debug|Any CPU.ActiveCfg = Debug|Any CPU
		{864B292C-9251-4378-AF70-03851A2ECAF9}.Debug|Any CPU.Build.0 = Debug|Any CPU
		{864B292C-9251-4378-AF70-03851A2ECAF9}.Release|Any CPU.ActiveCfg = Release|Any CPU
		{864B292C-9251-4378-AF70-03851A2ECAF9}.Release|Any CPU.Build.0 = Release|Any CPU
	EndGlobalSection
	GlobalSection(SolutionProperties) = preSolution
		HideSolutionNode = FALSE
	EndGlobalSection
	GlobalSection(ExtensibilityGlobals) = postSolution
		SolutionGuid = {B9C655D4-2B09-4CD6-8625-CFDE8BA0A692}
	EndGlobalSection
EndGlobal
